
Microsoft Visual Studio Solution File, Format Version 12.00
# Visual Studio Version 17
VisualStudioVersion = 17.3.32929.385
MinimumVisualStudioVersion = 10.0.40219.1
Project("{FAE04EC0-301F-11D3-BF4B-00C04F79EFBC}") = "OKAPI Image Fetcher", "OKAPI Image Fetcher\OKAPI Image Fetcher.csproj", "{E4DF30FC-3A1D-4C88-8305-AA2545D9E782}"
EndProject
Project("{9A19103F-16F7-4668-BE54-9A1E7A4F7556}") = "AlertPoster", "..\Leasing\AlertPoster\AlertPoster.csproj", "{BE2C5E0D-2673-4E52-BC4B-40B6C44996C2}"
EndProject
Global
	GlobalSection(SolutionConfigurationPlatforms) = preSolution
		Debug|Any CPU = Debug|Any CPU
		Release|Any CPU = Release|Any CPU
	EndGlobalSection
	GlobalSection(ProjectConfigurationPlatforms) = postSolution
		{E4DF30FC-3A1D-4C88-8305-AA2545D9E782}.Debug|Any CPU.ActiveCfg = Debug|Any CPU
		{E4DF30FC-3A1D-4C88-8305-AA2545D9E782}.Debug|Any CPU.Build.0 = Debug|Any CPU
		{E4DF30FC-3A1D-4C88-8305-AA2545D9E782}.Release|Any CPU.ActiveCfg = Release|Any CPU
		{E4DF30FC-3A1D-4C88-8305-AA2545D9E782}.Release|Any CPU.Build.0 = Release|Any CPU
		{BE2C5E0D-2673-4E52-BC4B-40B6C44996C2}.Debug|Any CPU.ActiveCfg = Debug|Any CPU
		{BE2C5E0D-2673-4E52-BC4B-40B6C44996C2}.Debug|Any CPU.Build.0 = Debug|Any CPU
		{BE2C5E0D-2673-4E52-BC4B-40B6C44996C2}.Release|Any CPU.ActiveCfg = Release|Any CPU
		{BE2C5E0D-2673-4E52-BC4B-40B6C44996C2}.Release|Any CPU.Build.0 = Release|Any CPU
	EndGlobalSection
	GlobalSection(SolutionProperties) = preSolution
		HideSolutionNode = FALSE
	EndGlobalSection
	GlobalSection(ExtensibilityGlobals) = postSolution
		SolutionGuid = {1022DE30-E11A-4DBE-AC4D-E83FB47EA9D3}
	EndGlobalSection
EndGlobal
